{
  "pins" : [
    {
      "identity" : "flowstacks",
      "kind" : "remoteSourceControl",
      "location" : "https://github.com/johnpatrickmorgan/FlowStacks.git",
      "state" : {
        "revision" : "0c5414b018fac906ffce9c4aee7da2a599615c95",
        "version" : "0.3.4"
      }
    },
    {
      "identity" : "resolver",
      "kind" : "remoteSourceControl",
      "location" : "https://github.com/hmlongco/Resolver.git",
      "state" : {
        "revision" : "97de0b0320036607564af4a60025b48f8d041221",
        "version" : "1.5.0"
      }
    }
  ],
  "version" : 2
}
