// !$*UTF8*$!
{
	archiveVersion = 1;
	classes = {
	};
	objectVersion = 56;
	objects = {

/* Begin PBXBuildFile section */
		2B076A4E2AA9801C0080616D /* PostsApp.swift in Sources */ = {isa = PBXBuildFile; fileRef = 2B076A4D2AA9801C0080616D /* PostsApp.swift */; };
		2B076A542AA9801E0080616D /* Assets.xcassets in Resources */ = {isa = PBXBuildFile; fileRef = 2B076A532AA9801E0080616D /* Assets.xcassets */; };
		2B076A612AA9801E0080616D /* PostsTests.swift in Sources */ = {isa = PBXBuildFile; fileRef = 2B076A602AA9801E0080616D /* PostsTests.swift */; };
		2B5CB4302AAA00FD00D525CD /* Global in Frameworks */ = {isa = PBXBuildFile; productRef = 2B5CB42F2AAA00FD00D525CD /* Global */; };
		2B5CB4352AAA094300D525CD /* Resolver in Frameworks */ = {isa = PBXBuildFile; productRef = 2B5CB4342AAA094300D525CD /* Resolver */; };
		2B5CB4372AAA0BD900D525CD /* DependencyRegistrationHelper.swift in Sources */ = {isa = PBXBuildFile; fileRef = 2B5CB4362AAA0BD900D525CD /* DependencyRegistrationHelper.swift */; };
		2B5CB4392AAA208600D525CD /* Login in Frameworks */ = {isa = PBXBuildFile; productRef = 2B5CB4382AAA208600D525CD /* Login */; };
		2B5CB43B2AAA208B00D525CD /* Post in Frameworks */ = {isa = PBXBuildFile; productRef = 2B5CB43A2AAA208B00D525CD /* Post */; };
		2B5CB43D2AAA428100D525CD /* UI in Frameworks */ = {isa = PBXBuildFile; productRef = 2B5CB43C2AAA428100D525CD /* UI */; };
		2B5CB43F2AAAEE4800D525CD /* Network in Frameworks */ = {isa = PBXBuildFile; productRef = 2B5CB43E2AAAEE4800D525CD /* Network */; };
		2B5CB4412AAB19B300D525CD /* Persistence in Frameworks */ = {isa = PBXBuildFile; productRef = 2B5CB4402AAB19B300D525CD /* Persistence */; };
		2B76E1792AEF9A33006F2D37 /* AppCoordinatorView.swift in Sources */ = {isa = PBXBuildFile; fileRef = 2B76E1782AEF9A33006F2D37 /* AppCoordinatorView.swift */; };
		2B76E17B2AEF9A3C006F2D37 /* AppCoordinatorViewModel.swift in Sources */ = {isa = PBXBuildFile; fileRef = 2B76E17A2AEF9A3C006F2D37 /* AppCoordinatorViewModel.swift */; };
/* End PBXBuildFile section */

/* Begin PBXContainerItemProxy section */
		2B076A5D2AA9801E0080616D /* PBXContainerItemProxy */ = {
			isa = PBXContainerItemProxy;
			containerPortal = 2B076A422AA9801C0080616D /* Project object */;
			proxyType = 1;
			remoteGlobalIDString = 2B076A492AA9801C0080616D;
			remoteInfo = Posts;
		};
/* End PBXContainerItemProxy section */

/* Begin PBXFileReference section */
		2B076A4A2AA9801C0080616D /* Posts.app */ = {isa = PBXFileReference; explicitFileType = wrapper.application; includeInIndex = 0; path = Posts.app; sourceTree = BUILT_PRODUCTS_DIR; };
		2B076A4D2AA9801C0080616D /* PostsApp.swift */ = {isa = PBXFileReference; lastKnownFileType = sourcecode.swift; path = PostsApp.swift; sourceTree = "<group>"; };
		2B076A532AA9801E0080616D /* Assets.xcassets */ = {isa = PBXFileReference; lastKnownFileType = folder.assetcatalog; path = Assets.xcassets; sourceTree = "<group>"; };
		2B076A5C2AA9801E0080616D /* PostsTests.xctest */ = {isa = PBXFileReference; explicitFileType = wrapper.cfbundle; includeInIndex = 0; path = PostsTests.xctest; sourceTree = BUILT_PRODUCTS_DIR; };
		2B076A602AA9801E0080616D /* PostsTests.swift */ = {isa = PBXFileReference; lastKnownFileType = sourcecode.swift; path = PostsTests.swift; sourceTree = "<group>"; };
		2B1D4BC72AA989F400BBBBC2 /* Models */ = {isa = PBXFileReference; lastKnownFileType = wrapper; path = Models; sourceTree = "<group>"; };
		2B5CB4172AA9FCF900D525CD /* Global */ = {isa = PBXFileReference; lastKnownFileType = wrapper; path = Global; sourceTree = "<group>"; };
		2B5CB4362AAA0BD900D525CD /* DependencyRegistrationHelper.swift */ = {isa = PBXFileReference; lastKnownFileType = sourcecode.swift; path = DependencyRegistrationHelper.swift; sourceTree = "<group>"; };
		2B5ED2F22AAC7B1200F8918B /* Testable */ = {isa = PBXFileReference; lastKnownFileType = wrapper; path = Testable; sourceTree = "<group>"; };
		2B63317F2AA9985500CAD37D /* Post */ = {isa = PBXFileReference; lastKnownFileType = wrapper; path = Post; sourceTree = "<group>"; };
		2B6331802AA9989600CAD37D /* PostAPI */ = {isa = PBXFileReference; lastKnownFileType = wrapper; path = PostAPI; sourceTree = "<group>"; };
		2B76E1782AEF9A33006F2D37 /* AppCoordinatorView.swift */ = {isa = PBXFileReference; lastKnownFileType = sourcecode.swift; path = AppCoordinatorView.swift; sourceTree = "<group>"; };
		2B76E17A2AEF9A3C006F2D37 /* AppCoordinatorViewModel.swift */ = {isa = PBXFileReference; lastKnownFileType = sourcecode.swift; path = AppCoordinatorViewModel.swift; sourceTree = "<group>"; };
		2B95FAB22AA99E080034B723 /* PostsTestPlan.xctestplan */ = {isa = PBXFileReference; lastKnownFileType = text; path = PostsTestPlan.xctestplan; sourceTree = "<group>"; };
		2BA1D8352AA98B80004F03BB /* Assets */ = {isa = PBXFileReference; lastKnownFileType = wrapper; path = Assets; sourceTree = "<group>"; };
		2BA1D8372AA98C05004F03BB /* Network */ = {isa = PBXFileReference; lastKnownFileType = wrapper; path = Network; sourceTree = "<group>"; };
		2BA1D8392AA98C6E004F03BB /* Persistence */ = {isa = PBXFileReference; lastKnownFileType = wrapper; path = Persistence; sourceTree = "<group>"; };
		2BA1D83B2AA98CEF004F03BB /* UI */ = {isa = PBXFileReference; lastKnownFileType = wrapper; path = UI; sourceTree = "<group>"; };
		2BA1D83D2AA98D3E004F03BB /* Login */ = {isa = PBXFileReference; lastKnownFileType = wrapper; path = Login; sourceTree = "<group>"; };
		2BA1D8412AA98EEE004F03BB /* LoginAPI */ = {isa = PBXFileReference; lastKnownFileType = wrapper; path = LoginAPI; sourceTree = "<group>"; };
/* End PBXFileReference section */

/* Begin PBXFrameworksBuildPhase section */
		2B076A472AA9801C0080616D /* Frameworks */ = {
			isa = PBXFrameworksBuildPhase;
			buildActionMask = 2147483647;
			files = (
				2B5CB4412AAB19B300D525CD /* Persistence in Frameworks */,
				2B5CB43B2AAA208B00D525CD /* Post in Frameworks */,
				2B5CB43F2AAAEE4800D525CD /* Network in Frameworks */,
				2B5CB4352AAA094300D525CD /* Resolver in Frameworks */,
				2B5CB4392AAA208600D525CD /* Login in Frameworks */,
				2B5CB43D2AAA428100D525CD /* UI in Frameworks */,
				2B5CB4302AAA00FD00D525CD /* Global in Frameworks */,
			);
			runOnlyForDeploymentPostprocessing = 0;
		};
		2B076A592AA9801E0080616D /* Frameworks */ = {
			isa = PBXFrameworksBuildPhase;
			buildActionMask = 2147483647;
			files = (
			);
			runOnlyForDeploymentPostprocessing = 0;
		};
/* End PBXFrameworksBuildPhase section */

/* Begin PBXGroup section */
		2B076A412AA9801C0080616D = {
			isa = PBXGroup;
			children = (
				2B076A4C2AA9801C0080616D /* Posts */,
				2B076A5F2AA9801E0080616D /* PostsTests */,
				2B076A4B2AA9801C0080616D /* Products */,
				2B5CB4182AA9FFD500D525CD /* Frameworks */,
			);
			sourceTree = "<group>";
		};
		2B076A4B2AA9801C0080616D /* Products */ = {
			isa = PBXGroup;
			children = (
				2B076A4A2AA9801C0080616D /* Posts.app */,
				2B076A5C2AA9801E0080616D /* PostsTests.xctest */,
			);
			name = Products;
			sourceTree = "<group>";
		};
		2B076A4C2AA9801C0080616D /* Posts */ = {
			isa = PBXGroup;
			children = (
				2B09BF092AAD8ED700DB40D6 /* MainProject */,
				2BA1D8362AA98BE4004F03BB /* Network */,
				2BA1D8382AA98C47004F03BB /* Persistence */,
				2B1D4BC62AA989B300BBBBC2 /* Models */,
				2B5CB4162AA9FCBC00D525CD /* Global */,
				2BA1D83A2AA98CCC004F03BB /* UI */,
				2BA1D8342AA98B60004F03BB /* Assets */,
				2B5ED2F12AAC7ADA00F8918B /* Testable */,
				2BA1D83C2AA98D1D004F03BB /* Login */,
				2BA1D83E2AA98D62004F03BB /* Post */,
			);
			path = Posts;
			sourceTree = "<group>";
		};
		2B076A5F2AA9801E0080616D /* PostsTests */ = {
			isa = PBXGroup;
			children = (
				2B95FAB22AA99E080034B723 /* PostsTestPlan.xctestplan */,
				2B076A602AA9801E0080616D /* PostsTests.swift */,
			);
			path = PostsTests;
			sourceTree = "<group>";
		};
		2B09BF092AAD8ED700DB40D6 /* MainProject */ = {
			isa = PBXGroup;
			children = (
				2B76E1772AEF9A22006F2D37 /* AppCoordinator */,
				2B076A4D2AA9801C0080616D /* PostsApp.swift */,
				2B5CB4362AAA0BD900D525CD /* DependencyRegistrationHelper.swift */,
				2B076A532AA9801E0080616D /* Assets.xcassets */,
			);
			path = MainProject;
			sourceTree = "<group>";
		};
		2B1D4BC62AA989B300BBBBC2 /* Models */ = {
			isa = PBXGroup;
			children = (
				2B1D4BC72AA989F400BBBBC2 /* Models */,
			);
			path = Models;
			sourceTree = "<group>";
		};
		2B5CB4162AA9FCBC00D525CD /* Global */ = {
			isa = PBXGroup;
			children = (
				2B5CB4172AA9FCF900D525CD /* Global */,
			);
			path = Global;
			sourceTree = "<group>";
		};
		2B5CB4182AA9FFD500D525CD /* Frameworks */ = {
			isa = PBXGroup;
			children = (
			);
			name = Frameworks;
			sourceTree = "<group>";
		};
		2B5ED2F12AAC7ADA00F8918B /* Testable */ = {
			isa = PBXGroup;
			children = (
				2B5ED2F22AAC7B1200F8918B /* Testable */,
			);
			path = Testable;
			sourceTree = "<group>";
		};
		2B76E1772AEF9A22006F2D37 /* AppCoordinator */ = {
			isa = PBXGroup;
			children = (
				2B76E1782AEF9A33006F2D37 /* AppCoordinatorView.swift */,
				2B76E17A2AEF9A3C006F2D37 /* AppCoordinatorViewModel.swift */,
			);
			path = AppCoordinator;
			sourceTree = "<group>";
		};
		2BA1D8342AA98B60004F03BB /* Assets */ = {
			isa = PBXGroup;
			children = (
				2BA1D8352AA98B80004F03BB /* Assets */,
			);
			path = Assets;
			sourceTree = "<group>";
		};
		2BA1D8362AA98BE4004F03BB /* Network */ = {
			isa = PBXGroup;
			children = (
				2BA1D8372AA98C05004F03BB /* Network */,
			);
			path = Network;
			sourceTree = "<group>";
		};
		2BA1D8382AA98C47004F03BB /* Persistence */ = {
			isa = PBXGroup;
			children = (
				2BA1D8392AA98C6E004F03BB /* Persistence */,
			);
			path = Persistence;
			sourceTree = "<group>";
		};
		2BA1D83A2AA98CCC004F03BB /* UI */ = {
			isa = PBXGroup;
			children = (
				2BA1D83B2AA98CEF004F03BB /* UI */,
			);
			path = UI;
			sourceTree = "<group>";
		};
		2BA1D83C2AA98D1D004F03BB /* Login */ = {
			isa = PBXGroup;
			children = (
				2BA1D8412AA98EEE004F03BB /* LoginAPI */,
				2BA1D83D2AA98D3E004F03BB /* Login */,
			);
			path = Login;
			sourceTree = "<group>";
		};
		2BA1D83E2AA98D62004F03BB /* Post */ = {
			isa = PBXGroup;
			children = (
				2B6331802AA9989600CAD37D /* PostAPI */,
				2B63317F2AA9985500CAD37D /* Post */,
			);
			path = Post;
			sourceTree = "<group>";
		};
/* End PBXGroup section */

/* Begin PBXNativeTarget section */
		2B076A492AA9801C0080616D /* Posts */ = {
			isa = PBXNativeTarget;
			buildConfigurationList = 2B076A702AA9801E0080616D /* Build configuration list for PBXNativeTarget "Posts" */;
			buildPhases = (
				2B076A462AA9801C0080616D /* Sources */,
				2B076A472AA9801C0080616D /* Frameworks */,
				2B076A482AA9801C0080616D /* Resources */,
			);
			buildRules = (
			);
			dependencies = (
			);
			name = Posts;
			packageProductDependencies = (
				2B5CB42F2AAA00FD00D525CD /* Global */,
				2B5CB4342AAA094300D525CD /* Resolver */,
				2B5CB4382AAA208600D525CD /* Login */,
				2B5CB43A2AAA208B00D525CD /* Post */,
				2B5CB43C2AAA428100D525CD /* UI */,
				2B5CB43E2AAAEE4800D525CD /* Network */,
				2B5CB4402AAB19B300D525CD /* Persistence */,
			);
			productName = Posts;
			productReference = 2B076A4A2AA9801C0080616D /* Posts.app */;
			productType = "com.apple.product-type.application";
		};
		2B076A5B2AA9801E0080616D /* PostsTests */ = {
			isa = PBXNativeTarget;
			buildConfigurationList = 2B076A732AA9801E0080616D /* Build configuration list for PBXNativeTarget "PostsTests" */;
			buildPhases = (
				2B076A582AA9801E0080616D /* Sources */,
				2B076A592AA9801E0080616D /* Frameworks */,
				2B076A5A2AA9801E0080616D /* Resources */,
			);
			buildRules = (
			);
			dependencies = (
				2B076A5E2AA9801E0080616D /* PBXTargetDependency */,
			);
			name = PostsTests;
			packageProductDependencies = (
			);
			productName = PostsTests;
			productReference = 2B076A5C2AA9801E0080616D /* PostsTests.xctest */;
			productType = "com.apple.product-type.bundle.unit-test";
		};
/* End PBXNativeTarget section */

/* Begin PBXProject section */
		2B076A422AA9801C0080616D /* Project object */ = {
			isa = PBXProject;
			attributes = {
				BuildIndependentTargetsInParallel = 1;
				LastSwiftUpdateCheck = 1500;
				LastUpgradeCheck = 1500;
				TargetAttributes = {
					2B076A492AA9801C0080616D = {
						CreatedOnToolsVersion = 15.0;
					};
					2B076A5B2AA9801E0080616D = {
						CreatedOnToolsVersion = 15.0;
						TestTargetID = 2B076A492AA9801C0080616D;
					};
				};
			};
			buildConfigurationList = 2B076A452AA9801C0080616D /* Build configuration list for PBXProject "Posts" */;
			compatibilityVersion = "Xcode 14.0";
			developmentRegion = en;
			hasScannedForEncodings = 0;
			knownRegions = (
				en,
				Base,
			);
			mainGroup = 2B076A412AA9801C0080616D;
			packageReferences = (
				2B5CB4332AAA094300D525CD /* XCRemoteSwiftPackageReference "Resolver" */,
			);
			productRefGroup = 2B076A4B2AA9801C0080616D /* Products */;
			projectDirPath = "";
			projectRoot = "";
			targets = (
				2B076A492AA9801C0080616D /* Posts */,
				2B076A5B2AA9801E0080616D /* PostsTests */,
			);
		};
/* End PBXProject section */

/* Begin PBXResourcesBuildPhase section */
		2B076A482AA9801C0080616D /* Resources */ = {
			isa = PBXResourcesBuildPhase;
			buildActionMask = 2147483647;
			files = (
				2B076A542AA9801E0080616D /* Assets.xcassets in Resources */,
			);
			runOnlyForDeploymentPostprocessing = 0;
		};
		2B076A5A2AA9801E0080616D /* Resources */ = {
			isa = PBXResourcesBuildPhase;
			buildActionMask = 2147483647;
			files = (
			);
			runOnlyForDeploymentPostprocessing = 0;
		};
/* End PBXResourcesBuildPhase section */

/* Begin PBXSourcesBuildPhase section */
		2B076A462AA9801C0080616D /* Sources */ = {
			isa = PBXSourcesBuildPhase;
			buildActionMask = 2147483647;
			files = (
				2B076A4E2AA9801C0080616D /* PostsApp.swift in Sources */,
				2B76E17B2AEF9A3C006F2D37 /* AppCoordinatorViewModel.swift in Sources */,
				2B5CB4372AAA0BD900D525CD /* DependencyRegistrationHelper.swift in Sources */,
				2B76E1792AEF9A33006F2D37 /* AppCoordinatorView.swift in Sources */,
			);
			runOnlyForDeploymentPostprocessing = 0;
		};
		2B076A582AA9801E0080616D /* Sources */ = {
			isa = PBXSourcesBuildPhase;
			buildActionMask = 2147483647;
			files = (
				2B076A612AA9801E0080616D /* PostsTests.swift in Sources */,
			);
			runOnlyForDeploymentPostprocessing = 0;
		};
/* End PBXSourcesBuildPhase section */

/* Begin PBXTargetDependency section */
		2B076A5E2AA9801E0080616D /* PBXTargetDependency */ = {
			isa = PBXTargetDependency;
			target = 2B076A492AA9801C0080616D /* Posts */;
			targetProxy = 2B076A5D2AA9801E0080616D /* PBXContainerItemProxy */;
		};
/* End PBXTargetDependency section */

/* Begin XCBuildConfiguration section */
		2B076A6E2AA9801E0080616D /* Debug */ = {
			isa = XCBuildConfiguration;
			buildSettings = {
				ALWAYS_SEARCH_USER_PATHS = NO;
				ASSETCATALOG_COMPILER_GENERATE_SWIFT_ASSET_SYMBOL_EXTENSIONS = YES;
				CLANG_ANALYZER_NONNULL = YES;
				CLANG_ANALYZER_NUMBER_OBJECT_CONVERSION = YES_AGGRESSIVE;
				CLANG_CXX_LANGUAGE_STANDARD = "gnu++20";
				CLANG_ENABLE_MODULES = YES;
				CLANG_ENABLE_OBJC_ARC = YES;
				CLANG_ENABLE_OBJC_WEAK = YES;
				CLANG_WARN_BLOCK_CAPTURE_AUTORELEASING = YES;
				CLANG_WARN_BOOL_CONVERSION = YES;
				CLANG_WARN_COMMA = YES;
				CLANG_WARN_CONSTANT_CONVERSION = YES;
				CLANG_WARN_DEPRECATED_OBJC_IMPLEMENTATIONS = YES;
				CLANG_WARN_DIRECT_OBJC_ISA_USAGE = YES_ERROR;
				CLANG_WARN_DOCUMENTATION_COMMENTS = YES;
				CLANG_WARN_EMPTY_BODY = YES;
				CLANG_WARN_ENUM_CONVERSION = YES;
				CLANG_WARN_INFINITE_RECURSION = YES;
				CLANG_WARN_INT_CONVERSION = YES;
				CLANG_WARN_NON_LITERAL_NULL_CONVERSION = YES;
				CLANG_WARN_OBJC_IMPLICIT_RETAIN_SELF = YES;
				CLANG_WARN_OBJC_LITERAL_CONVERSION = YES;
				CLANG_WARN_OBJC_ROOT_CLASS = YES_ERROR;
				CLANG_WARN_QUOTED_INCLUDE_IN_FRAMEWORK_HEADER = YES;
				CLANG_WARN_RANGE_LOOP_ANALYSIS = YES;
				CLANG_WARN_STRICT_PROTOTYPES = YES;
				CLANG_WARN_SUSPICIOUS_MOVE = YES;
				CLANG_WARN_UNGUARDED_AVAILABILITY = YES_AGGRESSIVE;
				CLANG_WARN_UNREACHABLE_CODE = YES;
				CLANG_WARN__DUPLICATE_METHOD_MATCH = YES;
				COPY_PHASE_STRIP = NO;
				DEBUG_INFORMATION_FORMAT = dwarf;
				ENABLE_STRICT_OBJC_MSGSEND = YES;
				ENABLE_TESTABILITY = YES;
				ENABLE_USER_SCRIPT_SANDBOXING = YES;
				GCC_C_LANGUAGE_STANDARD = gnu17;
				GCC_DYNAMIC_NO_PIC = NO;
				GCC_NO_COMMON_BLOCKS = YES;
				GCC_OPTIMIZATION_LEVEL = 0;
				GCC_PREPROCESSOR_DEFINITIONS = (
					"DEBUG=1",
					"$(inherited)",
				);
				GCC_WARN_64_TO_32_BIT_CONVERSION = YES;
				GCC_WARN_ABOUT_RETURN_TYPE = YES_ERROR;
				GCC_WARN_UNDECLARED_SELECTOR = YES;
				GCC_WARN_UNINITIALIZED_AUTOS = YES_AGGRESSIVE;
				GCC_WARN_UNUSED_FUNCTION = YES;
				GCC_WARN_UNUSED_VARIABLE = YES;
				IPHONEOS_DEPLOYMENT_TARGET = 17.0;
				LOCALIZATION_PREFERS_STRING_CATALOGS = YES;
				MTL_ENABLE_DEBUG_INFO = INCLUDE_SOURCE;
				MTL_FAST_MATH = YES;
				ONLY_ACTIVE_ARCH = YES;
				SDKROOT = iphoneos;
				SWIFT_ACTIVE_COMPILATION_CONDITIONS = "DEBUG $(inherited)";
				SWIFT_OPTIMIZATION_LEVEL = "-Onone";
			};
			name = Debug;
		};
		2B076A6F2AA9801E0080616D /* Release */ = {
			isa = XCBuildConfiguration;
			buildSettings = {
				ALWAYS_SEARCH_USER_PATHS = NO;
				ASSETCATALOG_COMPILER_GENERATE_SWIFT_ASSET_SYMBOL_EXTENSIONS = YES;
				CLANG_ANALYZER_NONNULL = YES;
				CLANG_ANALYZER_NUMBER_OBJECT_CONVERSION = YES_AGGRESSIVE;
				CLANG_CXX_LANGUAGE_STANDARD = "gnu++20";
				CLANG_ENABLE_MODULES = YES;
				CLANG_ENABLE_OBJC_ARC = YES;
				CLANG_ENABLE_OBJC_WEAK = YES;
				CLANG_WARN_BLOCK_CAPTURE_AUTORELEASING = YES;
				CLANG_WARN_BOOL_CONVERSION = YES;
				CLANG_WARN_COMMA = YES;
				CLANG_WARN_CONSTANT_CONVERSION = YES;
				CLANG_WARN_DEPRECATED_OBJC_IMPLEMENTATIONS = YES;
				CLANG_WARN_DIRECT_OBJC_ISA_USAGE = YES_ERROR;
				CLANG_WARN_DOCUMENTATION_COMMENTS = YES;
				CLANG_WARN_EMPTY_BODY = YES;
				CLANG_WARN_ENUM_CONVERSION = YES;
				CLANG_WARN_INFINITE_RECURSION = YES;
				CLANG_WARN_INT_CONVERSION = YES;
				CLANG_WARN_NON_LITERAL_NULL_CONVERSION = YES;
				CLANG_WARN_OBJC_IMPLICIT_RETAIN_SELF = YES;
				CLANG_WARN_OBJC_LITERAL_CONVERSION = YES;
				CLANG_WARN_OBJC_ROOT_CLASS = YES_ERROR;
				CLANG_WARN_QUOTED_INCLUDE_IN_FRAMEWORK_HEADER = YES;
				CLANG_WARN_RANGE_LOOP_ANALYSIS = YES;
				CLANG_WARN_STRICT_PROTOTYPES = YES;
				CLANG_WARN_SUSPICIOUS_MOVE = YES;
				CLANG_WARN_UNGUARDED_AVAILABILITY = YES_AGGRESSIVE;
				CLANG_WARN_UNREACHABLE_CODE = YES;
				CLANG_WARN__DUPLICATE_METHOD_MATCH = YES;
				COPY_PHASE_STRIP = NO;
				DEBUG_INFORMATION_FORMAT = "dwarf-with-dsym";
				ENABLE_NS_ASSERTIONS = NO;
				ENABLE_STRICT_OBJC_MSGSEND = YES;
				ENABLE_USER_SCRIPT_SANDBOXING = YES;
				GCC_C_LANGUAGE_STANDARD = gnu17;
				GCC_NO_COMMON_BLOCKS = YES;
				GCC_WARN_64_TO_32_BIT_CONVERSION = YES;
				GCC_WARN_ABOUT_RETURN_TYPE = YES_ERROR;
				GCC_WARN_UNDECLARED_SELECTOR = YES;
				GCC_WARN_UNINITIALIZED_AUTOS = YES_AGGRESSIVE;
				GCC_WARN_UNUSED_FUNCTION = YES;
				GCC_WARN_UNUSED_VARIABLE = YES;
				IPHONEOS_DEPLOYMENT_TARGET = 17.0;
				LOCALIZATION_PREFERS_STRING_CATALOGS = YES;
				MTL_ENABLE_DEBUG_INFO = NO;
				MTL_FAST_MATH = YES;
				SDKROOT = iphoneos;
				SWIFT_COMPILATION_MODE = wholemodule;
				VALIDATE_PRODUCT = YES;
			};
			name = Release;
		};
		2B076A712AA9801E0080616D /* Debug */ = {
			isa = XCBuildConfiguration;
			buildSettings = {
				ASSETCATALOG_COMPILER_APPICON_NAME = AppIcon;
				ASSETCATALOG_COMPILER_GLOBAL_ACCENT_COLOR_NAME = AccentColor;
				CODE_SIGN_STYLE = Automatic;
				CURRENT_PROJECT_VERSION = 1;
				DEVELOPMENT_ASSET_PATHS = "";
				DEVELOPMENT_TEAM = 82A5QR42VN;
				ENABLE_PREVIEWS = YES;
				GENERATE_INFOPLIST_FILE = YES;
				INFOPLIST_KEY_UIApplicationSceneManifest_Generation = YES;
				INFOPLIST_KEY_UIApplicationSupportsIndirectInputEvents = YES;
				INFOPLIST_KEY_UILaunchScreen_Generation = YES;
				INFOPLIST_KEY_UISupportedInterfaceOrientations = UIInterfaceOrientationPortrait;
				INFOPLIST_KEY_UISupportedInterfaceOrientations_iPad = "UIInterfaceOrientationLandscapeLeft UIInterfaceOrientationLandscapeRight UIInterfaceOrientationPortrait UIInterfaceOrientationPortraitUpsideDown";
				LD_RUNPATH_SEARCH_PATHS = (
					"$(inherited)",
					"@executable_path/Frameworks",
				);
				MARKETING_VERSION = 1.0;
				PRODUCT_BUNDLE_IDENTIFIER = com.importswift.Posts;
				PRODUCT_NAME = "$(TARGET_NAME)";
				SUPPORTED_PLATFORMS = "iphoneos iphonesimulator";
				SUPPORTS_MACCATALYST = NO;
				SUPPORTS_MAC_DESIGNED_FOR_IPHONE_IPAD = NO;
				SUPPORTS_XR_DESIGNED_FOR_IPHONE_IPAD = NO;
				SWIFT_EMIT_LOC_STRINGS = YES;
				SWIFT_VERSION = 5.0;
				TARGETED_DEVICE_FAMILY = "1,2";
			};
			name = Debug;
		};
		2B076A722AA9801E0080616D /* Release */ = {
			isa = XCBuildConfiguration;
			buildSettings = {
				ASSETCATALOG_COMPILER_APPICON_NAME = AppIcon;
				ASSETCATALOG_COMPILER_GLOBAL_ACCENT_COLOR_NAME = AccentColor;
				CODE_SIGN_STYLE = Automatic;
				CURRENT_PROJECT_VERSION = 1;
				DEVELOPMENT_ASSET_PATHS = "";
				DEVELOPMENT_TEAM = 82A5QR42VN;
				ENABLE_PREVIEWS = YES;
				GENERATE_INFOPLIST_FILE = YES;
				INFOPLIST_KEY_UIApplicationSceneManifest_Generation = YES;
				INFOPLIST_KEY_UIApplicationSupportsIndirectInputEvents = YES;
				INFOPLIST_KEY_UILaunchScreen_Generation = YES;
				INFOPLIST_KEY_UISupportedInterfaceOrientations = UIInterfaceOrientationPortrait;
				INFOPLIST_KEY_UISupportedInterfaceOrientations_iPad = "UIInterfaceOrientationLandscapeLeft UIInterfaceOrientationLandscapeRight UIInterfaceOrientationPortrait UIInterfaceOrientationPortraitUpsideDown";
				LD_RUNPATH_SEARCH_PATHS = (
					"$(inherited)",
					"@executable_path/Frameworks",
				);
				MARKETING_VERSION = 1.0;
				PRODUCT_BUNDLE_IDENTIFIER = com.importswift.Posts;
				PRODUCT_NAME = "$(TARGET_NAME)";
				SUPPORTED_PLATFORMS = "iphoneos iphonesimulator";
				SUPPORTS_MACCATALYST = NO;
				SUPPORTS_MAC_DESIGNED_FOR_IPHONE_IPAD = NO;
				SUPPORTS_XR_DESIGNED_FOR_IPHONE_IPAD = NO;
				SWIFT_EMIT_LOC_STRINGS = YES;
				SWIFT_VERSION = 5.0;
				TARGETED_DEVICE_FAMILY = "1,2";
			};
			name = Release;
		};
		2B076A742AA9801E0080616D /* Debug */ = {
			isa = XCBuildConfiguration;
			buildSettings = {
				ALWAYS_EMBED_SWIFT_STANDARD_LIBRARIES = YES;
				BUNDLE_LOADER = "$(TEST_HOST)";
				CODE_SIGN_STYLE = Automatic;
				CURRENT_PROJECT_VERSION = 1;
				DEVELOPMENT_TEAM = 82A5QR42VN;
				GENERATE_INFOPLIST_FILE = YES;
				IPHONEOS_DEPLOYMENT_TARGET = 17.0;
				MARKETING_VERSION = 1.0;
				PRODUCT_BUNDLE_IDENTIFIER = com.importswift.PostsTests;
				PRODUCT_NAME = "$(TARGET_NAME)";
				SUPPORTED_PLATFORMS = "iphoneos iphonesimulator";
				SUPPORTS_MACCATALYST = NO;
				SUPPORTS_MAC_DESIGNED_FOR_IPHONE_IPAD = NO;
				SUPPORTS_XR_DESIGNED_FOR_IPHONE_IPAD = NO;
				SWIFT_EMIT_LOC_STRINGS = NO;
				SWIFT_VERSION = 5.0;
				TARGETED_DEVICE_FAMILY = 1;
				TEST_HOST = "$(BUILT_PRODUCTS_DIR)/Posts.app/$(BUNDLE_EXECUTABLE_FOLDER_PATH)/Posts";
			};
			name = Debug;
		};
		2B076A752AA9801E0080616D /* Release */ = {
			isa = XCBuildConfiguration;
			buildSettings = {
				ALWAYS_EMBED_SWIFT_STANDARD_LIBRARIES = YES;
				BUNDLE_LOADER = "$(TEST_HOST)";
				CODE_SIGN_STYLE = Automatic;
				CURRENT_PROJECT_VERSION = 1;
				DEVELOPMENT_TEAM = 82A5QR42VN;
				GENERATE_INFOPLIST_FILE = YES;
				IPHONEOS_DEPLOYMENT_TARGET = 17.0;
				MARKETING_VERSION = 1.0;
				PRODUCT_BUNDLE_IDENTIFIER = com.importswift.PostsTests;
				PRODUCT_NAME = "$(TARGET_NAME)";
				SUPPORTED_PLATFORMS = "iphoneos iphonesimulator";
				SUPPORTS_MACCATALYST = NO;
				SUPPORTS_MAC_DESIGNED_FOR_IPHONE_IPAD = NO;
				SUPPORTS_XR_DESIGNED_FOR_IPHONE_IPAD = NO;
				SWIFT_EMIT_LOC_STRINGS = NO;
				SWIFT_VERSION = 5.0;
				TARGETED_DEVICE_FAMILY = 1;
				TEST_HOST = "$(BUILT_PRODUCTS_DIR)/Posts.app/$(BUNDLE_EXECUTABLE_FOLDER_PATH)/Posts";
			};
			name = Release;
		};
/* End XCBuildConfiguration section */

/* Begin XCConfigurationList section */
		2B076A452AA9801C0080616D /* Build configuration list for PBXProject "Posts" */ = {
			isa = XCConfigurationList;
			buildConfigurations = (
				2B076A6E2AA9801E0080616D /* Debug */,
				2B076A6F2AA9801E0080616D /* Release */,
			);
			defaultConfigurationIsVisible = 0;
			defaultConfigurationName = Release;
		};
		2B076A702AA9801E0080616D /* Build configuration list for PBXNativeTarget "Posts" */ = {
			isa = XCConfigurationList;
			buildConfigurations = (
				2B076A712AA9801E0080616D /* Debug */,
				2B076A722AA9801E0080616D /* Release */,
			);
			defaultConfigurationIsVisible = 0;
			defaultConfigurationName = Release;
		};
		2B076A732AA9801E0080616D /* Build configuration list for PBXNativeTarget "PostsTests" */ = {
			isa = XCConfigurationList;
			buildConfigurations = (
				2B076A742AA9801E0080616D /* Debug */,
				2B076A752AA9801E0080616D /* Release */,
			);
			defaultConfigurationIsVisible = 0;
			defaultConfigurationName = Release;
		};
/* End XCConfigurationList section */

/* Begin XCRemoteSwiftPackageReference section */
		2B5CB4332AAA094300D525CD /* XCRemoteSwiftPackageReference "Resolver" */ = {
			isa = XCRemoteSwiftPackageReference;
			repositoryURL = "https://github.com/hmlongco/Resolver.git";
			requirement = {
				kind = upToNextMajorVersion;
				minimumVersion = 1.5.0;
			};
		};
/* End XCRemoteSwiftPackageReference section */

/* Begin XCSwiftPackageProductDependency section */
		2B5CB42F2AAA00FD00D525CD /* Global */ = {
			isa = XCSwiftPackageProductDependency;
			productName = Global;
		};
		2B5CB4342AAA094300D525CD /* Resolver */ = {
			isa = XCSwiftPackageProductDependency;
			package = 2B5CB4332AAA094300D525CD /* XCRemoteSwiftPackageReference "Resolver" */;
			productName = Resolver;
		};
		2B5CB4382AAA208600D525CD /* Login */ = {
			isa = XCSwiftPackageProductDependency;
			productName = Login;
		};
		2B5CB43A2AAA208B00D525CD /* Post */ = {
			isa = XCSwiftPackageProductDependency;
			productName = Post;
		};
		2B5CB43C2AAA428100D525CD /* UI */ = {
			isa = XCSwiftPackageProductDependency;
			productName = UI;
		};
		2B5CB43E2AAAEE4800D525CD /* Network */ = {
			isa = XCSwiftPackageProductDependency;
			productName = Network;
		};
		2B5CB4402AAB19B300D525CD /* Persistence */ = {
			isa = XCSwiftPackageProductDependency;
			productName = Persistence;
		};
/* End XCSwiftPackageProductDependency section */
	};
	rootObject = 2B076A422AA9801C0080616D /* Project object */;
}
